
Microsoft Visual Studio Solution File, Format Version 12.00
# Visual Studio Version 16
VisualStudioVersion = 16.0.31424.327
MinimumVisualStudioVersion = 10.0.40219.1
Project("{FAE04EC0-301F-11D3-BF4B-00C04F79EFBC}") = "StudentManagementAPI", "StudentManagementAPI.csproj", "{65A984BF-B79B-4468-BF8A-26810175D856}"
EndProject
Global
	GlobalSection(SolutionConfigurationPlatforms) = preSolution
		Debug|Any CPU = Debug|Any CPU
		Release|Any CPU = Release|Any CPU
	EndGlobalSection
	GlobalSection(ProjectConfigurationPlatforms) = postSolution
		{65A984BF-B79B-4468-BF8A-26810175D856}.Debug|Any CPU.ActiveCfg = Debug|Any CPU
		{65A984BF-B79B-4468-BF8A-26810175D856}.Debug|Any CPU.Build.0 = Debug|Any CPU
		{65A984BF-B79B-4468-BF8A-26810175D856}.Release|Any CPU.ActiveCfg = Release|Any CPU
		{65A984BF-B79B-4468-BF8A-26810175D856}.Release|Any CPU.Build.0 = Release|Any CPU
	EndGlobalSection
	GlobalSection(SolutionProperties) = preSolution
		HideSolutionNode = FALSE
	EndGlobalSection
	GlobalSection(ExtensibilityGlobals) = postSolution
		SolutionGuid = {C82DC6F7-5FBE-42C9-AE8D-AEFF14204591}
	EndGlobalSection
EndGlobal
